<?xml version="1.0" encoding="utf-8"?>
<Project ToolsVersion="4.0" xmlns="http://schemas.microsoft.com/developer/msbuild/2003">
  <ItemGroup>
    <Filter Include="Math">
      <UniqueIdentifier>{AFF4887C-9B2B-8A0D-4418-7010302E060F}</UniqueIdentifier>
    </Filter>
  </ItemGroup>
  <ItemGroup>
    <ClInclude Include="src\Camera.h" />
    <ClInclude Include="src\Core.h" />
    <ClInclude Include="src\Dielectric.h" />
    <ClInclude Include="src\Hitable.h" />
    <ClInclude Include="src\HitableList.h" />
    <ClInclude Include="src\Image.h" />
    <ClInclude Include="src\Lambertian.h" />
    <ClInclude Include="src\Material.h" />
    <ClInclude Include="src\Math\Color.h">
      <Filter>Math</Filter>
    </ClInclude>
    <ClInclude Include="src\Math\CommonMath.h">
      <Filter>Math</Filter>
    </ClInclude>
    <ClInclude Include="src\Math\Matrix4f.h">
      <Filter>Math</Filter>
    </ClInclude>
    <ClInclude Include="src\Math\Quaternion.h">
      <Filter>Math</Filter>
    </ClInclude>
    <ClInclude Include="src\Math\Vector2f.h">
      <Filter>Math</Filter>
    </ClInclude>
    <ClInclude Include="src\Math\Vector3f.h">
      <Filter>Math</Filter>
    </ClInclude>
    <ClInclude Include="src\Metal.h" />
    <ClInclude Include="src\Ray.h" />
    <ClInclude Include="src\Renderer.h" />
    <ClInclude Include="src\Scene.h" />
    <ClInclude Include="src\Sphere.h" />
    <ClInclude Include="src\Timer.h" />
  </ItemGroup>
  <ItemGroup>
    <ClCompile Include="src\Application.cpp" />
    <ClCompile Include="src\HitableList.cpp" />
    <ClCompile Include="src\Image.cpp" />
    <ClCompile Include="src\Math\Matrix4f.cpp">
      <Filter>Math</Filter>
    </ClCompile>
    <ClCompile Include="src\Math\Quaternion.cpp">
      <Filter>Math</Filter>
    </ClCompile>
    <ClCompile Include="src\Math\Vector3f.cpp">
      <Filter>Math</Filter>
    </ClCompile>
    <ClCompile Include="src\Renderer.cpp" />
  </ItemGroup>
</Project>